// !$*UTF8*$!
{
	archiveVersion = 1;
	classes = {
	};
	objectVersion = 46;
	objects = {

/* Begin PBXBuildFile section */
		847283B31DBD8FF4005A5E6A /* AppDelegate.swift in Sources */ = {isa = PBXBuildFile; fileRef = 847283B21DBD8FF4005A5E6A /* AppDelegate.swift */; };
		847283B51DBD8FF4005A5E6A /* ViewController.swift in Sources */ = {isa = PBXBuildFile; fileRef = 847283B41DBD8FF4005A5E6A /* ViewController.swift */; };
		847283B81DBD8FF4005A5E6A /* Main.storyboard in Resources */ = {isa = PBXBuildFile; fileRef = 847283B61DBD8FF4005A5E6A /* Main.storyboard */; };
		847283BB1DBD8FF4005A5E6A /* eword.xcdatamodeld in Sources */ = {isa = PBXBuildFile; fileRef = 847283B91DBD8FF4005A5E6A /* eword.xcdatamodeld */; };
		847283BD1DBD8FF4005A5E6A /* Assets.xcassets in Resources */ = {isa = PBXBuildFile; fileRef = 847283BC1DBD8FF4005A5E6A /* Assets.xcassets */; };
		847283C01DBD8FF4005A5E6A /* LaunchScreen.storyboard in Resources */ = {isa = PBXBuildFile; fileRef = 847283BE1DBD8FF4005A5E6A /* LaunchScreen.storyboard */; };
		847283CB1DBD8FF4005A5E6A /* ewordTests.swift in Sources */ = {isa = PBXBuildFile; fileRef = 847283CA1DBD8FF4005A5E6A /* ewordTests.swift */; };
		847283D61DBD8FF4005A5E6A /* ewordUITests.swift in Sources */ = {isa = PBXBuildFile; fileRef = 847283D51DBD8FF4005A5E6A /* ewordUITests.swift */; };
/* End PBXBuildFile section */

/* Begin PBXContainerItemProxy section */
		847283C71DBD8FF4005A5E6A /* PBXContainerItemProxy */ = {
			isa = PBXContainerItemProxy;
			containerPortal = 847283A71DBD8FF3005A5E6A /* Project object */;
			proxyType = 1;
			remoteGlobalIDString = 847283AE1DBD8FF4005A5E6A;
			remoteInfo = eword;
		};
		847283D21DBD8FF4005A5E6A /* PBXContainerItemProxy */ = {
			isa = PBXContainerItemProxy;
			containerPortal = 847283A71DBD8FF3005A5E6A /* Project object */;
			proxyType = 1;
			remoteGlobalIDString = 847283AE1DBD8FF4005A5E6A;
			remoteInfo = eword;
		};
/* End PBXContainerItemProxy section */

/* Begin PBXFileReference section */
		847283AF1DBD8FF4005A5E6A /* eword.app */ = {isa = PBXFileReference; explicitFileType = wrapper.application; includeInIndex = 0; path = eword.app; sourceTree = BUILT_PRODUCTS_DIR; };
		847283B21DBD8FF4005A5E6A /* AppDelegate.swift */ = {isa = PBXFileReference; lastKnownFileType = sourcecode.swift; path = AppDelegate.swift; sourceTree = "<group>"; };
		847283B41DBD8FF4005A5E6A /* ViewController.swift */ = {isa = PBXFileReference; lastKnownFileType = sourcecode.swift; path = ViewController.swift; sourceTree = "<group>"; };
		847283B71DBD8FF4005A5E6A /* Base */ = {isa = PBXFileReference; lastKnownFileType = file.storyboard; name = Base; path = Base.lproj/Main.storyboard; sourceTree = "<group>"; };
		847283BA1DBD8FF4005A5E6A /* eword.xcdatamodel */ = {isa = PBXFileReference; lastKnownFileType = wrapper.xcdatamodel; path = eword.xcdatamodel; sourceTree = "<group>"; };
		847283BC1DBD8FF4005A5E6A /* Assets.xcassets */ = {isa = PBXFileReference; lastKnownFileType = folder.assetcatalog; path = Assets.xcassets; sourceTree = "<group>"; };
		847283BF1DBD8FF4005A5E6A /* Base */ = {isa = PBXFileReference; lastKnownFileType = file.storyboard; name = Base; path = Base.lproj/LaunchScreen.storyboard; sourceTree = "<group>"; };
		847283C11DBD8FF4005A5E6A /* Info.plist */ = {isa = PBXFileReference; lastKnownFileType = text.plist.xml; path = Info.plist; sourceTree = "<group>"; };
		847283C61DBD8FF4005A5E6A /* ewordTests.xctest */ = {isa = PBXFileReference; explicitFileType = wrapper.cfbundle; includeInIndex = 0; path = ewordTests.xctest; sourceTree = BUILT_PRODUCTS_DIR; };
		847283CA1DBD8FF4005A5E6A /* ewordTests.swift */ = {isa = PBXFileReference; lastKnownFileType = sourcecode.swift; path = ewordTests.swift; sourceTree = "<group>"; };
		847283CC1DBD8FF4005A5E6A /* Info.plist */ = {isa = PBXFileReference; lastKnownFileType = text.plist.xml; path = Info.plist; sourceTree = "<group>"; };
		847283D11DBD8FF4005A5E6A /* ewordUITests.xctest */ = {isa = PBXFileReference; explicitFileType = wrapper.cfbundle; includeInIndex = 0; path = ewordUITests.xctest; sourceTree = BUILT_PRODUCTS_DIR; };
		847283D51DBD8FF4005A5E6A /* ewordUITests.swift */ = {isa = PBXFileReference; lastKnownFileType = sourcecode.swift; path = ewordUITests.swift; sourceTree = "<group>"; };
		847283D71DBD8FF4005A5E6A /* Info.plist */ = {isa = PBXFileReference; lastKnownFileType = text.plist.xml; path = Info.plist; sourceTree = "<group>"; };
/* End PBXFileReference section */

/* Begin PBXFrameworksBuildPhase section */
		847283AC1DBD8FF4005A5E6A /* Frameworks */ = {
			isa = PBXFrameworksBuildPhase;
			buildActionMask = 2147483647;
			files = (
			);
			runOnlyForDeploymentPostprocessing = 0;
		};
		847283C31DBD8FF4005A5E6A /* Frameworks */ = {
			isa = PBXFrameworksBuildPhase;
			buildActionMask = 2147483647;
			files = (
			);
			runOnlyForDeploymentPostprocessing = 0;
		};
		847283CE1DBD8FF4005A5E6A /* Frameworks */ = {
			isa = PBXFrameworksBuildPhase;
			buildActionMask = 2147483647;
			files = (
			);
			runOnlyForDeploymentPostprocessing = 0;
		};
/* End PBXFrameworksBuildPhase section */

/* Begin PBXGroup section */
		847283A61DBD8FF3005A5E6A = {
			isa = PBXGroup;
			children = (
				847283B11DBD8FF4005A5E6A /* eword */,
				847283C91DBD8FF4005A5E6A /* ewordTests */,
				847283D41DBD8FF4005A5E6A /* ewordUITests */,
				847283B01DBD8FF4005A5E6A /* Products */,
			);
			sourceTree = "<group>";
		};
		847283B01DBD8FF4005A5E6A /* Products */ = {
			isa = PBXGroup;
			children = (
				847283AF1DBD8FF4005A5E6A /* eword.app */,
				847283C61DBD8FF4005A5E6A /* ewordTests.xctest */,
				847283D11DBD8FF4005A5E6A /* ewordUITests.xctest */,
			);
			name = Products;
			sourceTree = "<group>";
		};
		847283B11DBD8FF4005A5E6A /* eword */ = {
			isa = PBXGroup;
			children = (
				847283B21DBD8FF4005A5E6A /* AppDelegate.swift */,
				847283B41DBD8FF4005A5E6A /* ViewController.swift */,
				847283B61DBD8FF4005A5E6A /* Main.storyboard */,
				847283BC1DBD8FF4005A5E6A /* Assets.xcassets */,
				847283BE1DBD8FF4005A5E6A /* LaunchScreen.storyboard */,
				847283C11DBD8FF4005A5E6A /* Info.plist */,
				847283B91DBD8FF4005A5E6A /* eword.xcdatamodeld */,
			);
			path = eword;
			sourceTree = "<group>";
		};
		847283C91DBD8FF4005A5E6A /* ewordTests */ = {
			isa = PBXGroup;
			children = (
				847283CA1DBD8FF4005A5E6A /* ewordTests.swift */,
				847283CC1DBD8FF4005A5E6A /* Info.plist */,
			);
			path = ewordTests;
			sourceTree = "<group>";
		};
		847283D41DBD8FF4005A5E6A /* ewordUITests */ = {
			isa = PBXGroup;
			children = (
				847283D51DBD8FF4005A5E6A /* ewordUITests.swift */,
				847283D71DBD8FF4005A5E6A /* Info.plist */,
			);
			path = ewordUITests;
			sourceTree = "<group>";
		};
/* End PBXGroup section */

/* Begin PBXNativeTarget section */
		847283AE1DBD8FF4005A5E6A /* eword */ = {
			isa = PBXNativeTarget;
			buildConfigurationList = 847283DA1DBD8FF4005A5E6A /* Build configuration list for PBXNativeTarget "eword" */;
			buildPhases = (
				847283AB1DBD8FF4005A5E6A /* Sources */,
				847283AC1DBD8FF4005A5E6A /* Frameworks */,
				847283AD1DBD8FF4005A5E6A /* Resources */,
			);
			buildRules = (
			);
			dependencies = (
			);
			name = eword;
			productName = eword;
			productReference = 847283AF1DBD8FF4005A5E6A /* eword.app */;
			productType = "com.apple.product-type.application";
		};
		847283C51DBD8FF4005A5E6A /* ewordTests */ = {
			isa = PBXNativeTarget;
			buildConfigurationList = 847283DD1DBD8FF4005A5E6A /* Build configuration list for PBXNativeTarget "ewordTests" */;
			buildPhases = (
				847283C21DBD8FF4005A5E6A /* Sources */,
				847283C31DBD8FF4005A5E6A /* Frameworks */,
				847283C41DBD8FF4005A5E6A /* Resources */,
			);
			buildRules = (
			);
			dependencies = (
				847283C81DBD8FF4005A5E6A /* PBXTargetDependency */,
			);
			name = ewordTests;
			productName = ewordTests;
			productReference = 847283C61DBD8FF4005A5E6A /* ewordTests.xctest */;
			productType = "com.apple.product-type.bundle.unit-test";
		};
		847283D01DBD8FF4005A5E6A /* ewordUITests */ = {
			isa = PBXNativeTarget;
			buildConfigurationList = 847283E01DBD8FF4005A5E6A /* Build configuration list for PBXNativeTarget "ewordUITests" */;
			buildPhases = (
				847283CD1DBD8FF4005A5E6A /* Sources */,
				847283CE1DBD8FF4005A5E6A /* Frameworks */,
				847283CF1DBD8FF4005A5E6A /* Resources */,
			);
			buildRules = (
			);
			dependencies = (
				847283D31DBD8FF4005A5E6A /* PBXTargetDependency */,
			);
			name = ewordUITests;
			productName = ewordUITests;
			productReference = 847283D11DBD8FF4005A5E6A /* ewordUITests.xctest */;
			productType = "com.apple.product-type.bundle.ui-testing";
		};
/* End PBXNativeTarget section */

/* Begin PBXProject section */
		847283A71DBD8FF3005A5E6A /* Project object */ = {
			isa = PBXProject;
			attributes = {
				LastSwiftUpdateCheck = 0800;
				LastUpgradeCheck = 0800;
				ORGANIZATIONNAME = Admin;
				TargetAttributes = {
					847283AE1DBD8FF4005A5E6A = {
						CreatedOnToolsVersion = 8.0;
						ProvisioningStyle = Automatic;
					};
					847283C51DBD8FF4005A5E6A = {
						CreatedOnToolsVersion = 8.0;
						ProvisioningStyle = Automatic;
						TestTargetID = 847283AE1DBD8FF4005A5E6A;
					};
					847283D01DBD8FF4005A5E6A = {
						CreatedOnToolsVersion = 8.0;
						ProvisioningStyle = Automatic;
						TestTargetID = 847283AE1DBD8FF4005A5E6A;
					};
				};
			};
			buildConfigurationList = 847283AA1DBD8FF3005A5E6A /* Build configuration list for PBXProject "eword" */;
			compatibilityVersion = "Xcode 3.2";
			developmentRegion = English;
			hasScannedForEncodings = 0;
			knownRegions = (
				en,
				Base,
			);
			mainGroup = 847283A61DBD8FF3005A5E6A;
			productRefGroup = 847283B01DBD8FF4005A5E6A /* Products */;
			projectDirPath = "";
			projectRoot = "";
			targets = (
				847283AE1DBD8FF4005A5E6A /* eword */,
				847283C51DBD8FF4005A5E6A /* ewordTests */,
				847283D01DBD8FF4005A5E6A /* ewordUITests */,
			);
		};
/* End PBXProject section */

/* Begin PBXResourcesBuildPhase section */
		847283AD1DBD8FF4005A5E6A /* Resources */ = {
			isa = PBXResourcesBuildPhase;
			buildActionMask = 2147483647;
			files = (
				847283C01DBD8FF4005A5E6A /* LaunchScreen.storyboard in Resources */,
				847283BD1DBD8FF4005A5E6A /* Assets.xcassets in Resources */,
				847283B81DBD8FF4005A5E6A /* Main.storyboard in Resources */,
			);
			runOnlyForDeploymentPostprocessing = 0;
		};
		847283C41DBD8FF4005A5E6A /* Resources */ = {
			isa = PBXResourcesBuildPhase;
			buildActionMask = 2147483647;
			files = (
			);
			runOnlyForDeploymentPostprocessing = 0;
		};
		847283CF1DBD8FF4005A5E6A /* Resources */ = {
			isa = PBXResourcesBuildPhase;
			buildActionMask = 2147483647;
			files = (
			);
			runOnlyForDeploymentPostprocessing = 0;
		};
/* End PBXResourcesBuildPhase section */

/* Begin PBXSourcesBuildPhase section */
		847283AB1DBD8FF4005A5E6A /* Sources */ = {
			isa = PBXSourcesBuildPhase;
			buildActionMask = 2147483647;
			files = (
				847283B51DBD8FF4005A5E6A /* ViewController.swift in Sources */,
				847283BB1DBD8FF4005A5E6A /* eword.xcdatamodeld in Sources */,
				847283B31DBD8FF4005A5E6A /* AppDelegate.swift in Sources */,
			);
			runOnlyForDeploymentPostprocessing = 0;
		};
		847283C21DBD8FF4005A5E6A /* Sources */ = {
			isa = PBXSourcesBuildPhase;
			buildActionMask = 2147483647;
			files = (
				847283CB1DBD8FF4005A5E6A /* ewordTests.swift in Sources */,
			);
			runOnlyForDeploymentPostprocessing = 0;
		};
		847283CD1DBD8FF4005A5E6A /* Sources */ = {
			isa = PBXSourcesBuildPhase;
			buildActionMask = 2147483647;
			files = (
				847283D61DBD8FF4005A5E6A /* ewordUITests.swift in Sources */,
			);
			runOnlyForDeploymentPostprocessing = 0;
		};
/* End PBXSourcesBuildPhase section */

/* Begin PBXTargetDependency section */
		847283C81DBD8FF4005A5E6A /* PBXTargetDependency */ = {
			isa = PBXTargetDependency;
			target = 847283AE1DBD8FF4005A5E6A /* eword */;
			targetProxy = 847283C71DBD8FF4005A5E6A /* PBXContainerItemProxy */;
		};
		847283D31DBD8FF4005A5E6A /* PBXTargetDependency */ = {
			isa = PBXTargetDependency;
			target = 847283AE1DBD8FF4005A5E6A /* eword */;
			targetProxy = 847283D21DBD8FF4005A5E6A /* PBXContainerItemProxy */;
		};
/* End PBXTargetDependency section */

/* Begin PBXVariantGroup section */
		847283B61DBD8FF4005A5E6A /* Main.storyboard */ = {
			isa = PBXVariantGroup;
			children = (
				847283B71DBD8FF4005A5E6A /* Base */,
			);
			name = Main.storyboard;
			sourceTree = "<group>";
		};
		847283BE1DBD8FF4005A5E6A /* LaunchScreen.storyboard */ = {
			isa = PBXVariantGroup;
			children = (
				847283BF1DBD8FF4005A5E6A /* Base */,
			);
			name = LaunchScreen.storyboard;
			sourceTree = "<group>";
		};
/* End PBXVariantGroup section */

/* Begin XCBuildConfiguration section */
		847283D81DBD8FF4005A5E6A /* Debug */ = {
			isa = XCBuildConfiguration;
			buildSettings = {
				ALWAYS_SEARCH_USER_PATHS = NO;
				CLANG_ANALYZER_NONNULL = YES;
				CLANG_CXX_LANGUAGE_STANDARD = "gnu++0x";
				CLANG_CXX_LIBRARY = "libc++";
				CLANG_ENABLE_MODULES = YES;
				CLANG_ENABLE_OBJC_ARC = YES;
				CLANG_WARN_BOOL_CONVERSION = YES;
				CLANG_WARN_CONSTANT_CONVERSION = YES;
				CLANG_WARN_DIRECT_OBJC_ISA_USAGE = YES_ERROR;
				CLANG_WARN_DOCUMENTATION_COMMENTS = YES;
				CLANG_WARN_EMPTY_BODY = YES;
				CLANG_WARN_ENUM_CONVERSION = YES;
				CLANG_WARN_INFINITE_RECURSION = YES;
				CLANG_WARN_INT_CONVERSION = YES;
				CLANG_WARN_OBJC_ROOT_CLASS = YES_ERROR;
				CLANG_WARN_SUSPICIOUS_MOVES = YES;
				CLANG_WARN_UNREACHABLE_CODE = YES;
				CLANG_WARN__DUPLICATE_METHOD_MATCH = YES;
				"CODE_SIGN_IDENTITY[sdk=iphoneos*]" = "iPhone Developer";
				COPY_PHASE_STRIP = NO;
				DEBUG_INFORMATION_FORMAT = dwarf;
				ENABLE_STRICT_OBJC_MSGSEND = YES;
				ENABLE_TESTABILITY = YES;
				GCC_C_LANGUAGE_STANDARD = gnu99;
				GCC_DYNAMIC_NO_PIC = NO;
				GCC_NO_COMMON_BLOCKS = YES;
				GCC_OPTIMIZATION_LEVEL = 0;
				GCC_PREPROCESSOR_DEFINITIONS = (
					"DEBUG=1",
					"$(inherited)",
				);
				GCC_WARN_64_TO_32_BIT_CONVERSION = YES;
				GCC_WARN_ABOUT_RETURN_TYPE = YES_ERROR;
				GCC_WARN_UNDECLARED_SELECTOR = YES;
				GCC_WARN_UNINITIALIZED_AUTOS = YES_AGGRESSIVE;
				GCC_WARN_UNUSED_FUNCTION = YES;
				GCC_WARN_UNUSED_VARIABLE = YES;
				IPHONEOS_DEPLOYMENT_TARGET = 10.0;
				MTL_ENABLE_DEBUG_INFO = YES;
				ONLY_ACTIVE_ARCH = YES;
				SDKROOT = iphoneos;
				SWIFT_ACTIVE_COMPILATION_CONDITIONS = DEBUG;
				SWIFT_OPTIMIZATION_LEVEL = "-Onone";
				TARGETED_DEVICE_FAMILY = "1,2";
			};
			name = Debug;
		};
		847283D91DBD8FF4005A5E6A /* Release */ = {
			isa = XCBuildConfiguration;
			buildSettings = {
				ALWAYS_SEARCH_USER_PATHS = NO;
				CLANG_ANALYZER_NONNULL = YES;
				CLANG_CXX_LANGUAGE_STANDARD = "gnu++0x";
				CLANG_CXX_LIBRARY = "libc++";
				CLANG_ENABLE_MODULES = YES;
				CLANG_ENABLE_OBJC_ARC = YES;
				CLANG_WARN_BOOL_CONVERSION = YES;
				CLANG_WARN_CONSTANT_CONVERSION = YES;
				CLANG_WARN_DIRECT_OBJC_ISA_USAGE = YES_ERROR;
				CLANG_WARN_DOCUMENTATION_COMMENTS = YES;
				CLANG_WARN_EMPTY_BODY = YES;
				CLANG_WARN_ENUM_CONVERSION = YES;
				CLANG_WARN_INFINITE_RECURSION = YES;
				CLANG_WARN_INT_CONVERSION = YES;
				CLANG_WARN_OBJC_ROOT_CLASS = YES_ERROR;
				CLANG_WARN_SUSPICIOUS_MOVES = YES;
				CLANG_WARN_UNREACHABLE_CODE = YES;
				CLANG_WARN__DUPLICATE_METHOD_MATCH = YES;
				"CODE_SIGN_IDENTITY[sdk=iphoneos*]" = "iPhone Developer";
				COPY_PHASE_STRIP = NO;
				DEBUG_INFORMATION_FORMAT = "dwarf-with-dsym";
				ENABLE_NS_ASSERTIONS = NO;
				ENABLE_STRICT_OBJC_MSGSEND = YES;
				GCC_C_LANGUAGE_STANDARD = gnu99;
				GCC_NO_COMMON_BLOCKS = YES;
				GCC_WARN_64_TO_32_BIT_CONVERSION = YES;
				GCC_WARN_ABOUT_RETURN_TYPE = YES_ERROR;
				GCC_WARN_UNDECLARED_SELECTOR = YES;
				GCC_WARN_UNINITIALIZED_AUTOS = YES_AGGRESSIVE;
				GCC_WARN_UNUSED_FUNCTION = YES;
				GCC_WARN_UNUSED_VARIABLE = YES;
				IPHONEOS_DEPLOYMENT_TARGET = 10.0;
				MTL_ENABLE_DEBUG_INFO = NO;
				SDKROOT = iphoneos;
				SWIFT_OPTIMIZATION_LEVEL = "-Owholemodule";
				TARGETED_DEVICE_FAMILY = "1,2";
				VALIDATE_PRODUCT = YES;
			};
			name = Release;
		};
		847283DB1DBD8FF4005A5E6A /* Debug */ = {
			isa = XCBuildConfiguration;
			buildSettings = {
				ASSETCATALOG_COMPILER_APPICON_NAME = AppIcon;
				CODE_SIGN_IDENTITY = "iPhone Developer: David Walp (88FTPXGFFT)";
				INFOPLIST_FILE = eword/Info.plist;
				LD_RUNPATH_SEARCH_PATHS = "$(inherited) @executable_path/Frameworks";
				PRODUCT_BUNDLE_IDENTIFIER = com.keith.eword;
				PRODUCT_NAME = "$(TARGET_NAME)";
				SWIFT_VERSION = 3.0;
			};
			name = Debug;
		};
		847283DC1DBD8FF4005A5E6A /* Release */ = {
			isa = XCBuildConfiguration;
			buildSettings = {
				ASSETCATALOG_COMPILER_APPICON_NAME = AppIcon;
				CODE_SIGN_IDENTITY = "iPhone Developer: David Walp (88FTPXGFFT)";
				INFOPLIST_FILE = eword/Info.plist;
				LD_RUNPATH_SEARCH_PATHS = "$(inherited) @executable_path/Frameworks";
				PRODUCT_BUNDLE_IDENTIFIER = com.keith.eword;
				PRODUCT_NAME = "$(TARGET_NAME)";
				SWIFT_VERSION = 3.0;
			};
			name = Release;
		};
		847283DE1DBD8FF4005A5E6A /* Debug */ = {
			isa = XCBuildConfiguration;
			buildSettings = {
				ALWAYS_EMBED_SWIFT_STANDARD_LIBRARIES = YES;
				BUNDLE_LOADER = "$(TEST_HOST)";
				INFOPLIST_FILE = ewordTests/Info.plist;
				LD_RUNPATH_SEARCH_PATHS = "$(inherited) @executable_path/Frameworks @loader_path/Frameworks";
				PRODUCT_BUNDLE_IDENTIFIER = com.keith.ewordTests;
				PRODUCT_NAME = "$(TARGET_NAME)";
				SWIFT_VERSION = 3.0;
				TEST_HOST = "$(BUILT_PRODUCTS_DIR)/eword.app/eword";
			};
			name = Debug;
		};
		847283DF1DBD8FF4005A5E6A /* Release */ = {
			isa = XCBuildConfiguration;
			buildSettings = {
				ALWAYS_EMBED_SWIFT_STANDARD_LIBRARIES = YES;
				BUNDLE_LOADER = "$(TEST_HOST)";
				INFOPLIST_FILE = ewordTests/Info.plist;
				LD_RUNPATH_SEARCH_PATHS = "$(inherited) @executable_path/Frameworks @loader_path/Frameworks";
				PRODUCT_BUNDLE_IDENTIFIER = com.keith.ewordTests;
				PRODUCT_NAME = "$(TARGET_NAME)";
				SWIFT_VERSION = 3.0;
				TEST_HOST = "$(BUILT_PRODUCTS_DIR)/eword.app/eword";
			};
			name = Release;
		};
		847283E11DBD8FF4005A5E6A /* Debug */ = {
			isa = XCBuildConfiguration;
			buildSettings = {
				ALWAYS_EMBED_SWIFT_STANDARD_LIBRARIES = YES;
				INFOPLIST_FILE = ewordUITests/Info.plist;
				LD_RUNPATH_SEARCH_PATHS = "$(inherited) @executable_path/Frameworks @loader_path/Frameworks";
				PRODUCT_BUNDLE_IDENTIFIER = com.keith.ewordUITests;
				PRODUCT_NAME = "$(TARGET_NAME)";
				SWIFT_VERSION = 3.0;
				TEST_TARGET_NAME = eword;
			};
			name = Debug;
		};
		847283E21DBD8FF4005A5E6A /* Release */ = {
			isa = XCBuildConfiguration;
			buildSettings = {
				ALWAYS_EMBED_SWIFT_STANDARD_LIBRARIES = YES;
				INFOPLIST_FILE = ewordUITests/Info.plist;
				LD_RUNPATH_SEARCH_PATHS = "$(inherited) @executable_path/Frameworks @loader_path/Frameworks";
				PRODUCT_BUNDLE_IDENTIFIER = com.keith.ewordUITests;
				PRODUCT_NAME = "$(TARGET_NAME)";
				SWIFT_VERSION = 3.0;
				TEST_TARGET_NAME = eword;
			};
			name = Release;
		};
/* End XCBuildConfiguration section */

/* Begin XCConfigurationList section */
		847283AA1DBD8FF3005A5E6A /* Build configuration list for PBXProject "eword" */ = {
			isa = XCConfigurationList;
			buildConfigurations = (
				847283D81DBD8FF4005A5E6A /* Debug */,
				847283D91DBD8FF4005A5E6A /* Release */,
			);
			defaultConfigurationIsVisible = 0;
			defaultConfigurationName = Release;
		};
		847283DA1DBD8FF4005A5E6A /* Build configuration list for PBXNativeTarget "eword" */ = {
			isa = XCConfigurationList;
			buildConfigurations = (
				847283DB1DBD8FF4005A5E6A /* Debug */,
				847283DC1DBD8FF4005A5E6A /* Release */,
			);
			defaultConfigurationIsVisible = 0;
		};
		847283DD1DBD8FF4005A5E6A /* Build configuration list for PBXNativeTarget "ewordTests" */ = {
			isa = XCConfigurationList;
			buildConfigurations = (
				847283DE1DBD8FF4005A5E6A /* Debug */,
				847283DF1DBD8FF4005A5E6A /* Release */,
			);
			defaultConfigurationIsVisible = 0;
		};
		847283E01DBD8FF4005A5E6A /* Build configuration list for PBXNativeTarget "ewordUITests" */ = {
			isa = XCConfigurationList;
			buildConfigurations = (
				847283E11DBD8FF4005A5E6A /* Debug */,
				847283E21DBD8FF4005A5E6A /* Release */,
			);
			defaultConfigurationIsVisible = 0;
		};
/* End XCConfigurationList section */

/* Begin XCVersionGroup section */
		847283B91DBD8FF4005A5E6A /* eword.xcdatamodeld */ = {
			isa = XCVersionGroup;
			children = (
				847283BA1DBD8FF4005A5E6A /* eword.xcdatamodel */,
			);
			currentVersion = 847283BA1DBD8FF4005A5E6A /* eword.xcdatamodel */;
			path = eword.xcdatamodeld;
			sourceTree = "<group>";
			versionGroupType = wrapper.xcdatamodel;
		};
/* End XCVersionGroup section */
	};
	rootObject = 847283A71DBD8FF3005A5E6A /* Project object */;
}
